<?xml version="1.0" encoding="utf-8"?>
<Project ToolsVersion="4.0" xmlns="http://schemas.microsoft.com/developer/msbuild/2003">
  <ItemGroup>
    <Filter Include="Source Files">
      <UniqueIdentifier>{4FC737F1-C7A5-4376-A066-2A32D752A2FF}</UniqueIdentifier>
      <Extensions>cpp;c;cc;cxx;def;odl;idl;hpj;bat;asm;asmx</Extensions>
    </Filter>
    <Filter Include="Header Files">
      <UniqueIdentifier>{93995380-89BD-4b04-88EB-625FBE52EBFB}</UniqueIdentifier>
      <Extensions>h;hpp;hxx;hm;inl;inc;xsd</Extensions>
    </Filter>
    <Filter Include="Resource Files">
      <UniqueIdentifier>{67DA6AB6-F800-4c08-8B7A-83BB121AAD01}</UniqueIdentifier>
      <Extensions>rc;ico;cur;bmp;dlg;rc2;rct;bin;rgs;gif;jpg;jpeg;jpe;resx;tiff;tif;png;wav;mfcribbon-ms</Extensions>
    </Filter>
    <Filter Include="Source Files\Collision">
      <UniqueIdentifier>{41b36305-3798-4f77-9887-b7881daa6806}</UniqueIdentifier>
    </Filter>
    <Filter Include="Source Files\Components">
      <UniqueIdentifier>{93caf798-268a-4b48-b2f1-b097b4a28764}</UniqueIdentifier>
    </Filter>
    <Filter Include="Source Files\DataTypes">
      <UniqueIdentifier>{d3134b5f-4bed-4854-960e-45e0de22ebc4}</UniqueIdentifier>
    </Filter>
    <Filter Include="Source Files\Engine">
      <UniqueIdentifier>{9cc92eb9-6621-4239-8723-7aa9732b6c08}</UniqueIdentifier>
    </Filter>
    <Filter Include="Source Files\GameStates">
      <UniqueIdentifier>{97769149-262e-4ae5-a74c-fb1c51a91a9d}</UniqueIdentifier>
    </Filter>
    <Filter Include="Source Files\Utility">
      <UniqueIdentifier>{5c8e3548-f1ec-4ae6-b973-dc0100f7d8d2}</UniqueIdentifier>
    </Filter>
    <Filter Include="Source Files\GameStates\States">
      <UniqueIdentifier>{37191d7f-0f2f-4448-b0a5-c4f8eaa61451}</UniqueIdentifier>
    </Filter>
    <Filter Include="Source Files\Interface">
      <UniqueIdentifier>{518a5255-0ae5-49c6-b4ec-7104eb34cdb6}</UniqueIdentifier>
    </Filter>
    <Filter Include="Source Files\Interface\Controls">
      <UniqueIdentifier>{b734926b-488f-4524-bc67-e17e7a2bdf84}</UniqueIdentifier>
    </Filter>
    <Filter Include="Source Files\ResourceCache">
      <UniqueIdentifier>{79ccb0c9-2075-492b-a18a-0332e8da177e}</UniqueIdentifier>
    </Filter>
  </ItemGroup>
  <ItemGroup>
    <ClCompile Include="main.cpp">
      <Filter>Source Files</Filter>
    </ClCompile>
    <ClCompile Include="Shapes.cpp">
      <Filter>Source Files\DataTypes</Filter>
    </ClCompile>
    <ClCompile Include="Sprite.cpp">
      <Filter>Source Files\DataTypes</Filter>
    </ClCompile>
    <ClCompile Include="SpriteBatch.cpp">
      <Filter>Source Files\DataTypes</Filter>
    </ClCompile>
    <ClCompile Include="Engine.cpp">
      <Filter>Source Files\Engine</Filter>
    </ClCompile>
    <ClCompile Include="Logger.cpp">
      <Filter>Source Files\Utility</Filter>
    </ClCompile>
    <ClCompile Include="Timer.cpp">
      <Filter>Source Files\Utility</Filter>
    </ClCompile>
    <ClCompile Include="Utility.cpp">
      <Filter>Source Files\Utility</Filter>
    </ClCompile>
    <ClCompile Include="MenuState.cpp">
      <Filter>Source Files\GameStates\States</Filter>
    </ClCompile>
    <ClCompile Include="GameState.cpp">
      <Filter>Source Files\GameStates</Filter>
    </ClCompile>
    <ClCompile Include="GameStateManager.cpp">
      <Filter>Source Files\GameStates</Filter>
    </ClCompile>
    <ClCompile Include="ResourceCache.cpp">
      <Filter>Source Files\ResourceCache</Filter>
    </ClCompile>
    <ClCompile Include="Control.cpp">
      <Filter>Source Files\Interface</Filter>
    </ClCompile>
    <ClCompile Include="InterfaceManager.cpp">
      <Filter>Source Files\Interface</Filter>
    </ClCompile>
    <ClCompile Include="Button.cpp">
      <Filter>Source Files\Interface\Controls</Filter>
    </ClCompile>
    <ClCompile Include="Cursor.cpp">
      <Filter>Source Files\Interface\Controls</Filter>
    </ClCompile>
    <ClCompile Include="Label.cpp">
      <Filter>Source Files\Interface\Controls</Filter>
    </ClCompile>
    <ClCompile Include="LinkLabel.cpp">
      <Filter>Source Files\Interface\Controls</Filter>
    </ClCompile>
    <ClCompile Include="PictureBox.cpp">
      <Filter>Source Files\Interface\Controls</Filter>
    </ClCompile>
    <ClCompile Include="IntroState.cpp">
      <Filter>Source Files\GameStates\States</Filter>
    </ClCompile>
    <ClCompile Include="CJTestState.cpp">
      <Filter>Source Files\GameStates\States</Filter>
    </ClCompile>
    <ClCompile Include="JoshTestState.cpp">
      <Filter>Source Files\GameStates\States</Filter>
    </ClCompile>
  </ItemGroup>
  <ItemGroup>
    <ClInclude Include="Containers.h">
      <Filter>Header Files</Filter>
    </ClInclude>
    <ClInclude Include="Engine.h">
      <Filter>Header Files</Filter>
    </ClInclude>
    <ClInclude Include="GameStates.h">
      <Filter>Header Files</Filter>
    </ClInclude>
    <ClInclude Include="Interface.h">
      <Filter>Header Files</Filter>
    </ClInclude>
    <ClInclude Include="ResourceCache.h">
      <Filter>Header Files</Filter>
    </ClInclude>
    <ClInclude Include="Utility.h">
      <Filter>Header Files</Filter>
    </ClInclude>
    <ClInclude Include="Collision.h">
      <Filter>Header Files</Filter>
    </ClInclude>
  </ItemGroup>
</Project>